
Microsoft Visual Studio Solution File, Format Version 12.00
# Visual Studio Version 17
VisualStudioVersion = 17.6.33723.286
MinimumVisualStudioVersion = 10.0.40219.1
Project("{8BC9CEB8-8B4A-11D0-8D11-00A0C91BC942}") = "examen_final_a", "examen_final_a.vcxproj", "{AC2C9ADD-3E78-4D7F-AD61-CDDCDB9DB865}"
EndProject
Global
	GlobalSection(SolutionConfigurationPlatforms) = preSolution
		Debug|x64 = Debug|x64
		Debug|x86 = Debug|x86
		Release|x64 = Release|x64
		Release|x86 = Release|x86
	EndGlobalSection
	GlobalSection(ProjectConfigurationPlatforms) = postSolution
		{AC2C9ADD-3E78-4D7F-AD61-CDDCDB9DB865}.Debug|x64.ActiveCfg = Debug|x64
		{AC2C9ADD-3E78-4D7F-AD61-CDDCDB9DB865}.Debug|x64.Build.0 = Debug|x64
		{AC2C9ADD-3E78-4D7F-AD61-CDDCDB9DB865}.Debug|x86.ActiveCfg = Debug|Win32
		{AC2C9ADD-3E78-4D7F-AD61-CDDCDB9DB865}.Debug|x86.Build.0 = Debug|Win32
		{AC2C9ADD-3E78-4D7F-AD61-CDDCDB9DB865}.Release|x64.ActiveCfg = Release|x64
		{AC2C9ADD-3E78-4D7F-AD61-CDDCDB9DB865}.Release|x64.Build.0 = Release|x64
		{AC2C9ADD-3E78-4D7F-AD61-CDDCDB9DB865}.Release|x86.ActiveCfg = Release|Win32
		{AC2C9ADD-3E78-4D7F-AD61-CDDCDB9DB865}.Release|x86.Build.0 = Release|Win32
	EndGlobalSection
	GlobalSection(SolutionProperties) = preSolution
		HideSolutionNode = FALSE
	EndGlobalSection
	GlobalSection(ExtensibilityGlobals) = postSolution
		SolutionGuid = {3AB3F1AE-4D56-4B63-8444-F3FFDAE8E873}
	EndGlobalSection
EndGlobal
